
Microsoft Visual Studio Solution File, Format Version 12.00
# Visual Studio Version 17
VisualStudioVersion = 17.7.34221.43
MinimumVisualStudioVersion = 10.0.40219.1
Project("{FAE04EC0-301F-11D3-BF4B-00C04F79EFBC}") = "WebApplication1", "WebApplication1\WebApplication1.csproj", "{F7E1A479-CD51-43F8-89FB-6C74D3B39D66}"
EndProject
Global
	GlobalSection(SolutionConfigurationPlatforms) = preSolution
		Debug|Any CPU = Debug|Any CPU
		Release|Any CPU = Release|Any CPU
	EndGlobalSection
	GlobalSection(ProjectConfigurationPlatforms) = postSolution
		{F7E1A479-CD51-43F8-89FB-6C74D3B39D66}.Debug|Any CPU.ActiveCfg = Debug|Any CPU
		{F7E1A479-CD51-43F8-89FB-6C74D3B39D66}.Debug|Any CPU.Build.0 = Debug|Any CPU
		{F7E1A479-CD51-43F8-89FB-6C74D3B39D66}.Release|Any CPU.ActiveCfg = Release|Any CPU
		{F7E1A479-CD51-43F8-89FB-6C74D3B39D66}.Release|Any CPU.Build.0 = Release|Any CPU
	EndGlobalSection
	GlobalSection(SolutionProperties) = preSolution
		HideSolutionNode = FALSE
	EndGlobalSection
	GlobalSection(ExtensibilityGlobals) = postSolution
		SolutionGuid = {C77CD3CF-7345-4D8A-A7A3-7C2D1F2A1318}
	EndGlobalSection
EndGlobal
